{
  "schema_version": "lode.site-skill-package.lock.v1",
  "lock_ref": "lode://lock/site-skill/github/trending@1.0.0",
  "package_ref": "lode://site-skill/github/trending",
  "revision_ref": "lode://site-skill/github/trending@1.0.0#0dcd6232cdfd9c88982792d2ce88a39d528a6433",
  "version": "1.0.0",
  "source_ref": "lode://source/site-skill/github/trending@1.0.0#0dcd6232cdfd9c88982792d2ce88a39d528a6433",
  "capability_ref": "lode://site-capability/github/managed-page-snapshot@1.0.0"
}
