{
  "schema_version": "lode.site-skill-package.lock.v1",
  "lock_ref": "lode://lock/site-skill/github/trending@1.0.0",
  "package_ref": "lode://site-skill/github/trending",
  "revision_ref": "lode://site-skill/github/trending@1.0.0#d185a2ac2c85a659d06b3e0e4424bf00c83d7db0",
  "version": "1.0.0",
  "source_ref": "lode://source/site-skill/github/trending@1.0.0#d185a2ac2c85a659d06b3e0e4424bf00c83d7db0",
  "capability_ref": "lode://site-capability/github/managed-page-snapshot@1.0.0"
}
