{
  "schema_version": "lode.package-lock.v0",
  "lock_id": "xiaohongshu.publish-note-image-text-commit.lock",
  "lock_version": "0.1.1",
  "lock_ref": "lode://lock/site-capability/xiaohongshu/publish-note-image-text-commit@0.1.1",
  "package_ref": "lode://site-capability/xiaohongshu/publish-note-image-text-commit@0.1.1",
  "package_version": "0.1.1",
  "capability_id": "publish-note-image-text-commit",
  "operation_id": "xhs_publish_note_image_text_commit",
  "operation_mode": "write",
  "lifecycle": "proposed",
  "compatibility": {
    "package_version": "0.1.1",
    "compatible_version_range": ">=0.1.1 <0.2.0",
    "breaking_change_policy_ref": "sites/xiaohongshu/publish-note-image-text-commit/lifecycle-metadata.json#version_identity.breaking_change_requires_new_version"
  },
  "rollback": {
    "previous_known_good_ref": "lode://site-capability/xiaohongshu/publish-note-image-text-commit@0.1.0",
    "previous_known_good_lock_ref": "lode://lock/site-capability/xiaohongshu/publish-note-image-text-commit@0.1.0",
    "status": "previous_patch"
  },
  "resolution": {
    "resolution_mode": "repo-local",
    "registry_index": "registry/local-packages.json",
    "package_path": "sites/xiaohongshu/publish-note-image-text-commit",
    "manifest_path": "sites/xiaohongshu/publish-note-image-text-commit/manifest.json"
  },
  "locked_assets": [
    {
      "role": "input_schema",
      "path": "schemas/input.schema.json",
      "ref": "lode://schema/site-capability/xiaohongshu/publish-note-image-text-commit/input@0.1.1",
      "version": "0.1.1",
      "sha256": "074a34f2acccc3636d8635797beba4eabcaf19c371ef1c98e921a933540262d4"
    },
    {
      "role": "normalized_output_schema",
      "path": "schemas/output.schema.json",
      "ref": "lode://schema/site-capability/xiaohongshu/publish-note-image-text-commit/output@0.1.1",
      "version": "0.1.1",
      "sha256": "96988cac68ef84482a4abb6dd73b89ad6153f7e257318e771c19382beca5318d"
    },
    {
      "role": "resource_requirements",
      "path": "resource-requirements.json",
      "ref": "xiaohongshu.publish-note-image-text-commit.resources",
      "version": "0.1.1",
      "sha256": "6508e08e7145c577ed1c8b6d3f9089c314455c225d5ea071724e20c6d96587b1"
    },
    {
      "role": "version_lifecycle_metadata",
      "path": "lifecycle-metadata.json",
      "ref": "xiaohongshu.publish-note-image-text-commit.lifecycle",
      "version": "0.1.1",
      "sha256": "6e0f981a25fc32a217834446e620f21a380557d1e5512883da0ec4e490847eda"
    },
    {
      "role": "write_deferred_guardrail",
      "path": "write-deferred-guardrail.json",
      "ref": "xiaohongshu.publish-note-image-text-commit.write-deferred-guardrail",
      "version": "0.1.1",
      "sha256": "7dd90e3186cdf296af7b080269984847259396b64531960d7ef4881d0c466298"
    },
    {
      "role": "fixture",
      "path": "fixtures/publish-note-image-text-commit.fixture.json",
      "ref": "xiaohongshu.publish-note-image-text-commit.fixture",
      "version": "0.1.1",
      "sha256": "2a377ef567fbef234e0d5359059be6b16b774cb7fb36da2b0cb8ecd7c2b26a49"
    },
    {
      "role": "core_consumption_fixture",
      "path": "fixtures/core-consumption.fixture.json",
      "ref": "xiaohongshu.publish-note-image-text-commit.core-consumption-fixture",
      "version": "0.1.1",
      "sha256": "930e3f5b8304847c9c132c4b8fce475be9a1b6317932041c067344066f304d77"
    },
    {
      "role": "post_check",
      "path": "checks/post-check.json",
      "ref": "xiaohongshu.publish-note-image-text-commit.post-check",
      "version": "0.1.1",
      "sha256": "3020bd3e4f9925437567a1dec8ab3cd9dcc967085fe1fc23a02ffa285ba01f97"
    },
    {
      "role": "failure_mapping",
      "path": "failure-mapping.json",
      "ref": "xiaohongshu.publish-note-image-text-commit.failure-mapping",
      "version": "0.1.1",
      "sha256": "798f267d263c0390bfa933ae5d33451c793fe7808644590ea38b08832d933094"
    },
    {
      "role": "catalog_metadata",
      "path": "catalog-metadata.json",
      "ref": "xiaohongshu.publish-note-image-text-commit.catalog-metadata",
      "version": "0.1.1",
      "sha256": "87edf7dd1e43ccf36da6dfed3a9e045f4e7d67fc1d2bc221a42515df9c242dc9"
    },
    {
      "role": "repair_draft",
      "path": "repair/repair-draft.fixture.json",
      "ref": "xiaohongshu.publish-note-image-text-commit.repair-draft",
      "version": "0.1.1",
      "sha256": "342e16e6277730788c3a4eae79b9f74f7cf102dc24a08925bb1b3441286e3459"
    },
    {
      "role": "overlay_fork_metadata",
      "path": "repair/overlay-fork-metadata.fixture.json",
      "ref": "xiaohongshu.publish-note-image-text-commit.overlay-fork",
      "version": "0.1.1",
      "sha256": "d5582619b14643dd7fd8ad437456b3628680ebdbe32f505a73d81e9ce54d0822"
    }
  ],
  "invalidation_behavior": {
    "invalidates_lock_on": [
      "package_ref changes",
      "package_version changes",
      "capability_id, operation_id, or action identity changes",
      "operation_mode changes",
      "any locked asset ref, version, path, or digest changes",
      "write deferred guardrail identity or path changes",
      "lifecycle invalidation status changes away from not_invalidated"
    ],
    "requires_relock_on": [
      "input contract changes",
      "normalized output contract changes",
      "resource profile or Core binding requirements change",
      "fixture source shape or redaction policy changes",
      "Core consumption fixture action or schema validation case changes",
      "write deferred guardrail boundary changes",
      "post-check result contract changes",
      "failure mapping consumer boundary changes",
      "repair draft lifecycle or promotion boundary changes",
      "overlay or fork invalidation boundary changes"
    ],
    "failure_mapping": [
      "unsupported_version",
      "deprecated",
      "invalid_contract",
      "asset_missing",
      "registry_unavailable"
    ]
  },
  "consumer_boundary": "Lode supplies the three exact action identities and locked static assets. Core owns authorization, ControlLease, idempotency, ExternalOutcome and reconciliation; Harbor owns live execution/evidence; App renders refs-only state.",
  "non_goals": [
    "No App install, update, pin, rollback or sync behavior.",
    "No hosted registry, marketplace or generic commit framework.",
    "No Core lifecycle or authorization/idempotency state copy.",
    "No browser execution, media bytes, field fill, retry or bypass."
  ]
}
