{
  "schema_version": "lode.package-lock.v0",
  "lock_id": "xiaohongshu.publish-note-image-text-fields.lock",
  "lock_version": "0.1.0",
  "lock_ref": "lode://lock/site-capability/xiaohongshu/publish-note-image-text-fields@0.1.0",
  "package_ref": "lode://site-capability/xiaohongshu/publish-note-image-text-fields@0.1.0",
  "package_version": "0.1.0",
  "capability_id": "publish-note-image-text-fields",
  "operation_id": "xhs_publish_note_image_text_fields",
  "operation_mode": "write",
  "lifecycle": "proposed",
  "compatibility": {
    "package_version": "0.1.0",
    "compatible_version_range": ">=0.1.0 <0.2.0",
    "breaking_change_policy_ref": "sites/xiaohongshu/publish-note-image-text-fields/lifecycle-metadata.json#version_identity.breaking_change_requires_new_version"
  },
  "rollback": {
    "previous_known_good_ref": "lode://site-capability/xiaohongshu/publish-note-image-text-fields@0.1.0",
    "previous_known_good_lock_ref": "lode://lock/site-capability/xiaohongshu/publish-note-image-text-fields@0.1.0",
    "status": "self_for_initial_version"
  },
  "resolution": {
    "resolution_mode": "repo-local",
    "registry_index": "registry/local-packages.json",
    "package_path": "sites/xiaohongshu/publish-note-image-text-fields",
    "manifest_path": "sites/xiaohongshu/publish-note-image-text-fields/manifest.json"
  },
  "locked_assets": [
    {
      "role": "input_schema",
      "path": "schemas/input.schema.json",
      "ref": "lode://schema/site-capability/xiaohongshu/publish-note-image-text-fields/input@0.1.0",
      "version": "0.1.0",
      "sha256": "6d6e337621cc4ef7eef1feba6368fd797ca743b8de7542526293568498a9027f"
    },
    {
      "role": "normalized_output_schema",
      "path": "schemas/output.schema.json",
      "ref": "lode://schema/site-capability/xiaohongshu/publish-note-image-text-fields/output@0.1.0",
      "version": "0.1.0",
      "sha256": "17aa5e97ae128b8ac35fb8d8a2877788739b8ff2b75f37896083e32d448bb8d4"
    },
    {
      "role": "resource_requirements",
      "path": "resource-requirements.json",
      "ref": "xiaohongshu.publish-note-image-text-fields.resources",
      "version": "0.1.0",
      "sha256": "b827977fab928c23cfc87282b7c05d5fa8df5c44bb613fa99bb812114e2f5fc8"
    },
    {
      "role": "version_lifecycle_metadata",
      "path": "lifecycle-metadata.json",
      "ref": "xiaohongshu.publish-note-image-text-fields.lifecycle",
      "version": "0.1.0",
      "sha256": "a24ce0b80e1cd751e8b39bdadff3be5285d5f89a773d5fe919824836046f0919"
    },
    {
      "role": "write_deferred_guardrail",
      "path": "write-deferred-guardrail.json",
      "ref": "xiaohongshu.publish-note-image-text-fields.write-deferred-guardrail",
      "version": "0.1.0",
      "sha256": "a1fc61f0ebc262d312775c89c65afa0c24a5229a8322574216f337d69d739d03"
    },
    {
      "role": "fixture",
      "path": "fixtures/publish-note-image-text-fields.fixture.json",
      "ref": "xiaohongshu.publish-note-image-text-fields.fixture",
      "version": "0.1.0",
      "sha256": "c2bbdc90561c23e7a8c7da92ccc44dc091f3ce6a97deedfbd8449c933c44d9b1"
    },
    {
      "role": "core_consumption_fixture",
      "path": "fixtures/core-consumption.fixture.json",
      "ref": "xiaohongshu.publish-note-image-text-fields.core-consumption-fixture",
      "version": "0.1.0",
      "sha256": "13e8fb506c2ee324d638fbee72c18320a9f52f374857fca3fe28c9c20b28b562"
    },
    {
      "role": "post_check",
      "path": "checks/post-check.json",
      "ref": "xiaohongshu.publish-note-image-text-fields.post-check",
      "version": "0.1.0",
      "sha256": "67ae98d2995171ec9e33b555987b76bcf84b9aee8b6dc90a608c5679d96181ff"
    },
    {
      "role": "failure_mapping",
      "path": "failure-mapping.json",
      "ref": "xiaohongshu.publish-note-image-text-fields.failure-mapping",
      "version": "0.1.0",
      "sha256": "9d6efb42cc7963b45dfc18d047a721284b06b80bd2966fc7193e0e1cc644d91f"
    },
    {
      "role": "catalog_metadata",
      "path": "catalog-metadata.json",
      "ref": "xiaohongshu.publish-note-image-text-fields.catalog-metadata",
      "version": "0.1.0",
      "sha256": "fbba3c8218fa3d55ec5512067e39ad9fe552361ed258ee1ece30da3b9b0ce83c"
    },
    {
      "role": "repair_draft",
      "path": "repair/repair-draft.fixture.json",
      "ref": "xiaohongshu.publish-note-image-text-fields.repair-draft",
      "version": "0.1.0",
      "sha256": "1a55a01e78d059862ea00ba51e8dee8af6fe2529f6fb89071a3014ae0092eb65"
    },
    {
      "role": "overlay_fork_metadata",
      "path": "repair/overlay-fork-metadata.fixture.json",
      "ref": "xiaohongshu.publish-note-image-text-fields.overlay-fork",
      "version": "0.1.0",
      "sha256": "396f315435d7496e555de92ae9812bd407e890d43c9f94b901c9882496773911"
    }
  ],
  "invalidation_behavior": {
    "invalidates_lock_on": [
      "package_ref changes",
      "package_version changes",
      "capability_id, operation_id, or action identity changes",
      "operation_mode changes",
      "any locked asset ref, version, path, or digest changes",
      "write deferred guardrail identity or path changes",
      "lifecycle invalidation status changes away from not_invalidated"
    ],
    "requires_relock_on": [
      "input contract changes",
      "normalized output contract changes",
      "resource profile or Core binding requirements change",
      "fixture source shape or redaction policy changes",
      "Core consumption fixture action or schema validation case changes",
      "write deferred guardrail boundary changes",
      "post-check result contract changes",
      "failure mapping consumer boundary changes",
      "repair draft lifecycle or promotion boundary changes",
      "overlay or fork invalidation boundary changes"
    ],
    "failure_mapping": [
      "unsupported_version",
      "deprecated",
      "invalid_contract",
      "asset_missing",
      "registry_unavailable"
    ]
  },
  "consumer_boundary": "Lode supplies the field action identity, locked assets, refs-only fixtures, and a write-deferred guardrail. Core owns authorization, idempotency, run lifecycle, operation refs and reconciliation; Harbor owns live execution/evidence. App must not infer live success from this lock.",
  "non_goals": [
    "No App install, update, pin, rollback, or sync behavior.",
    "No hosted registry or marketplace behavior.",
    "No Core run lifecycle or authorization/idempotency state copy.",
    "No browser execution, persisted field values, media action, save draft, publish, submit, retry, or bypass."
  ]
}
