{
  "schema_version": "lode.package-lock.v0",
  "lock_id": "boss.job-search.lock",
  "lock_version": "0.1.0",
  "lock_ref": "lode://lock/site-capability/boss/job-search@0.1.0",
  "package_ref": "lode://site-capability/boss/job-search@0.1.0",
  "package_version": "0.1.0",
  "capability_id": "job-search",
  "operation_id": "boss_job_search",
  "operation_mode": "read",
  "lifecycle": "proposed",
  "compatibility": {
    "package_version": "0.1.0",
    "compatible_version_range": ">=0.1.0 <0.2.0",
    "breaking_change_policy_ref": "sites/boss/job-search/lifecycle-metadata.json#version_identity.breaking_change_requires_new_version"
  },
  "rollback": {
    "previous_known_good_ref": "lode://site-capability/boss/job-search@0.1.0",
    "previous_known_good_lock_ref": "lode://lock/site-capability/boss/job-search@0.1.0",
    "status": "self_for_initial_version"
  },
  "resolution": {
    "resolution_mode": "repo-local",
    "registry_index": "registry/local-packages.json",
    "package_path": "sites/boss/job-search",
    "manifest_path": "sites/boss/job-search/manifest.json"
  },
  "locked_assets": [
    {
      "role": "input_schema",
      "path": "schemas/input.schema.json",
      "ref": "lode://schema/site-capability/boss/job-search/input@0.1.0",
      "version": "0.1.0"
    },
    {
      "role": "normalized_output_schema",
      "path": "schemas/output.schema.json",
      "ref": "lode://schema/site-capability/boss/job-search/output@0.1.0",
      "version": "0.1.0"
    },
    {
      "role": "resource_requirements",
      "path": "resource-requirements.json",
      "ref": "boss.job-search.resources",
      "version": "0.1.0"
    },
    {
      "role": "version_lifecycle_metadata",
      "path": "lifecycle-metadata.json",
      "ref": "boss.job-search.lifecycle",
      "version": "0.1.0"
    },
    {
      "role": "write_deferred_guardrail",
      "path": "write-deferred-guardrail.json",
      "ref": "boss.job-search.write-deferred-guardrail",
      "version": "0.1.0"
    },
    {
      "role": "fixture",
      "path": "fixtures/job-search.fixture.json",
      "ref": "boss.job-search.fixture",
      "version": "0.1.0"
    },
    {
      "role": "core_consumption_fixture",
      "path": "fixtures/core-consumption.fixture.json",
      "ref": "boss.job-search.core-consumption-fixture",
      "version": "0.1.0"
    },
    {
      "role": "post_check",
      "path": "checks/post-check.json",
      "ref": "boss.job-search.post-check",
      "version": "0.1.0"
    },
    {
      "role": "failure_mapping",
      "path": "failure-mapping.json",
      "ref": "boss.job-search.failure-mapping",
      "version": "0.1.0"
    },
    {
      "role": "catalog_metadata",
      "path": "catalog-metadata.json",
      "ref": "boss.job-search.catalog-metadata",
      "version": "0.1.0"
    },
    {
      "role": "repair_draft",
      "path": "repair/repair-draft.fixture.json",
      "ref": "boss.job-search.repair-draft",
      "version": "0.1.0"
    },
    {
      "role": "overlay_fork_metadata",
      "path": "repair/overlay-fork-metadata.fixture.json",
      "ref": "boss.job-search.overlay-fork",
      "version": "0.1.0"
    }
  ],
  "invalidation_behavior": {
    "invalidates_lock_on": [
      "package_ref changes",
      "package_version changes",
      "capability_id or operation_id changes",
      "operation_mode changes",
      "any locked asset ref, version, or path changes",
      "lifecycle invalidation status changes away from not_invalidated"
    ],
    "requires_relock_on": [
      "input contract changes",
      "normalized output contract changes",
      "resource requirements change",
      "fixture source shape or redaction policy changes",
      "post-check result contract changes",
      "failure mapping consumer boundary changes",
      "repair draft lifecycle changes"
    ],
    "failure_mapping": [
      "unsupported_version",
      "deprecated",
      "invalid_contract",
      "asset_missing",
      "registry_unavailable"
    ]
  },
  "consumer_boundary": "Lode supplies static lock identity and asset refs. App/Core must not infer runtime, profile, provider, or write behavior from it.",
  "non_goals": [
    "No App install, update, pin, rollback, or sync behavior.",
    "No hosted registry or marketplace behavior.",
    "No runtime execution or true write capability."
  ]
}
