{
  "schema_version": "lode.package-lock.v0",
  "lock_id": "xiaohongshu.publish-note-image-text-media.lock",
  "lock_version": "0.1.0",
  "lock_ref": "lode://lock/site-capability/xiaohongshu/publish-note-image-text-media@0.1.0",
  "package_ref": "lode://site-capability/xiaohongshu/publish-note-image-text-media@0.1.0",
  "package_version": "0.1.0",
  "capability_id": "publish-note-image-text-media",
  "operation_id": "xhs_publish_note_image_text_media",
  "operation_mode": "write",
  "lifecycle": "proposed",
  "compatibility": {
    "package_version": "0.1.0",
    "compatible_version_range": ">=0.1.0 <0.2.0",
    "breaking_change_policy_ref": "sites/xiaohongshu/publish-note-image-text-media/lifecycle-metadata.json#version_identity.breaking_change_requires_new_version"
  },
  "rollback": {
    "previous_known_good_ref": "lode://site-capability/xiaohongshu/publish-note-image-text-media@0.1.0",
    "previous_known_good_lock_ref": "lode://lock/site-capability/xiaohongshu/publish-note-image-text-media@0.1.0",
    "status": "self_for_initial_version"
  },
  "resolution": {
    "resolution_mode": "repo-local",
    "registry_index": "registry/local-packages.json",
    "package_path": "sites/xiaohongshu/publish-note-image-text-media",
    "manifest_path": "sites/xiaohongshu/publish-note-image-text-media/manifest.json"
  },
  "locked_assets": [
    {
      "role": "input_schema",
      "path": "schemas/input.schema.json",
      "ref": "lode://schema/site-capability/xiaohongshu/publish-note-image-text-media/input@0.1.0",
      "version": "0.1.0",
      "sha256": "1299d9b1ab498f59c1c82b0b8d5c3f2c0dfa4da2a1a4f538bac0040ac88e6e8d"
    },
    {
      "role": "normalized_output_schema",
      "path": "schemas/output.schema.json",
      "ref": "lode://schema/site-capability/xiaohongshu/publish-note-image-text-media/output@0.1.0",
      "version": "0.1.0",
      "sha256": "94cbb0f8b10443ee4e521e3984f497d5d5af12657ac577158440e193ead6e249"
    },
    {
      "role": "resource_requirements",
      "path": "resource-requirements.json",
      "ref": "xiaohongshu.publish-note-image-text-media.resources",
      "version": "0.1.0",
      "sha256": "783ed394897d6cb7be65df4837e883bdf1458acc09cd8fec765bde0bb7cf116e"
    },
    {
      "role": "version_lifecycle_metadata",
      "path": "lifecycle-metadata.json",
      "ref": "xiaohongshu.publish-note-image-text-media.lifecycle",
      "version": "0.1.0",
      "sha256": "221c1ac78d0b70c954c1e95f6e4a7f6bd042dfcc754cd2b8c08463c024cd2cc5"
    },
    {
      "role": "write_deferred_guardrail",
      "path": "write-deferred-guardrail.json",
      "ref": "xiaohongshu.publish-note-image-text-media.write-deferred-guardrail",
      "version": "0.1.0",
      "sha256": "ac9dc92d4b081c99778cd3759ad48ae4e7c4469eb5382b0960401c46b62ec2ed"
    },
    {
      "role": "fixture",
      "path": "fixtures/publish-note-image-text-media.fixture.json",
      "ref": "xiaohongshu.publish-note-image-text-media.fixture",
      "version": "0.1.0",
      "sha256": "4418a88dd5ad2c8bf395abbe87f295b4be6bc00adeb73a7b642f95453d0b1fc5"
    },
    {
      "role": "core_consumption_fixture",
      "path": "fixtures/core-consumption.fixture.json",
      "ref": "xiaohongshu.publish-note-image-text-media.core-consumption-fixture",
      "version": "0.1.0",
      "sha256": "2b18aa9aef7986faa5b04566b39d60f42fc51da6aa297cca2c7546217f6dc761"
    },
    {
      "role": "post_check",
      "path": "checks/post-check.json",
      "ref": "xiaohongshu.publish-note-image-text-media.post-check",
      "version": "0.1.0",
      "sha256": "7b95fc421c4d4a452daf2658cab6795c71763ffad8513a90ebf200003f38508d"
    },
    {
      "role": "failure_mapping",
      "path": "failure-mapping.json",
      "ref": "xiaohongshu.publish-note-image-text-media.failure-mapping",
      "version": "0.1.0",
      "sha256": "0964b79047d248dec2e0a38b442a644a3774a1cd7e001c0bc1cfc24f12f6cf35"
    },
    {
      "role": "catalog_metadata",
      "path": "catalog-metadata.json",
      "ref": "xiaohongshu.publish-note-image-text-media.catalog-metadata",
      "version": "0.1.0",
      "sha256": "eacd5fa7cb767870984d474a7388b73414e3df05ed197e6e3bcda2011d585d2e"
    },
    {
      "role": "repair_draft",
      "path": "repair/repair-draft.fixture.json",
      "ref": "xiaohongshu.publish-note-image-text-media.repair-draft",
      "version": "0.1.0",
      "sha256": "25c42a4f3c9f622d96d6a7f95feb9acd2eb0bbf7f3afd07849065f303a2c5fa9"
    },
    {
      "role": "overlay_fork_metadata",
      "path": "repair/overlay-fork-metadata.fixture.json",
      "ref": "xiaohongshu.publish-note-image-text-media.overlay-fork",
      "version": "0.1.0",
      "sha256": "3a52d6d0a55db431a259abb7165f98315360073a46f8e8b706a198527efffb34"
    }
  ],
  "invalidation_behavior": {
    "invalidates_lock_on": [
      "package_ref changes",
      "package_version changes",
      "capability_id, operation_id, or action identity changes",
      "operation_mode changes",
      "any locked asset ref, version, path, or digest changes",
      "write deferred guardrail identity or path changes",
      "lifecycle invalidation status changes away from not_invalidated"
    ],
    "requires_relock_on": [
      "input contract changes",
      "normalized output contract changes",
      "resource profile or Core binding requirements change",
      "fixture source shape or redaction policy changes",
      "Core consumption fixture action or schema validation case changes",
      "write deferred guardrail boundary changes",
      "post-check result contract changes",
      "failure mapping consumer boundary changes",
      "repair draft lifecycle or promotion boundary changes",
      "overlay or fork invalidation boundary changes"
    ],
    "failure_mapping": [
      "unsupported_version",
      "deprecated",
      "invalid_contract",
      "asset_missing",
      "registry_unavailable"
    ]
  },
  "consumer_boundary": "Lode supplies static action identities, locked asset refs, refs-only fixtures, and a write-deferred guardrail. WebEnvoy Core owns existing authorization, idempotency, run lifecycle, operation refs, post-check and reconciliation; Harbor owns live execution and evidence. App must not infer availability, stable admission, or user-visible success from this lock.",
  "non_goals": [
    "No App install, update, pin, rollback, or sync behavior.",
    "No hosted registry or marketplace behavior.",
    "No Core run lifecycle or authorization/idempotency state copy.",
    "No browser execution, media bytes, field fill, save draft, publish, submit, retry, or bypass."
  ]
}
