{
  "schema_version": "lode.site-skill-package.lock.v1",
  "lock_ref": "lode://lock/site-skill/arxiv/opencli-recent-papers@0.1.0",
  "package_ref": "lode://site-skill/arxiv/opencli-recent-papers",
  "revision_ref": "lode://site-skill/arxiv/opencli-recent-papers@0.1.0#1c6aa0c6175ff288744318f38f8db26b95e2035a",
  "version": "0.1.0",
  "source_ref": "lode://source/site-skill/arxiv/opencli-recent-papers@0.1.0#1c6aa0c6175ff288744318f38f8db26b95e2035a",
  "capability_ref": "lode://site-capability/arxiv/opencli-recent-papers@0.1.0"
}
