{
  "schema_version": "lode.site-skill-package.lock.v1",
  "lock_ref": "lode://lock/site-skill/arxiv/opencli-recent-papers@0.1.0",
  "package_ref": "lode://site-skill/arxiv/opencli-recent-papers",
  "revision_ref": "lode://site-skill/arxiv/opencli-recent-papers@0.1.0#7fda92b709521440a0935b26099681a92ec2d34e",
  "version": "0.1.0",
  "source_ref": "lode://source/site-skill/arxiv/opencli-recent-papers@0.1.0#7fda92b709521440a0935b26099681a92ec2d34e",
  "capability_ref": "lode://site-capability/arxiv/opencli-recent-papers@0.1.0"
}
