{
  "schema_version": "lode.package-lock.v0",
  "lock_id": "example.read-page-links.lock",
  "lock_version": "0.1.0",
  "lock_ref": "lode://lock/site-capability/example/read-page-links@0.1.0",
  "package_ref": "lode://site-capability/example/read-page-links@0.1.0",
  "package_version": "0.1.0",
  "capability_id": "read-page-links",
  "operation_id": "public_links_by_url",
  "operation_mode": "read",
  "lifecycle": "proposed",
  "compatibility": {
    "package_version": "0.1.0",
    "compatible_version_range": ">=0.1.0 <0.2.0",
    "breaking_change_policy_ref": "sites/example/read-page-links/lifecycle-metadata.json#version_identity.breaking_change_requires_new_version"
  },
  "rollback": {
    "previous_known_good_ref": "lode://site-capability/example/read-page-links@0.1.0",
    "previous_known_good_lock_ref": "lode://lock/site-capability/example/read-page-links@0.1.0",
    "status": "self_for_initial_version"
  },
  "resolution": {
    "resolution_mode": "repo-local",
    "registry_index": "registry/local-packages.json",
    "package_path": "sites/example/read-page-links",
    "manifest_path": "sites/example/read-page-links/manifest.json"
  },
  "locked_assets": [
    {
      "role": "input_schema",
      "path": "schemas/input.schema.json",
      "ref": "lode://schema/site-capability/example/read-page-links/input@0.1.0",
      "version": "0.1.0"
    },
    {
      "role": "normalized_output_schema",
      "path": "schemas/output.schema.json",
      "ref": "lode://schema/site-capability/example/read-page-links/output@0.1.0",
      "version": "0.1.0"
    },
    {
      "role": "resource_requirements",
      "path": "resource-requirements.json",
      "ref": "example.read-page-links.resources",
      "version": "0.1.0"
    },
    {
      "role": "version_lifecycle_metadata",
      "path": "lifecycle-metadata.json",
      "ref": "example.read-page-links.lifecycle",
      "version": "0.1.0"
    },
    {
      "role": "write_deferred_guardrail",
      "path": "write-deferred-guardrail.json",
      "ref": "example.read-page-links.write-deferred-guardrail",
      "version": "0.1.0"
    },
    {
      "role": "fixture",
      "path": "fixtures/read-page-links.fixture.json",
      "ref": "example.read-page-links.fixture",
      "version": "0.1.0"
    },
    {
      "role": "core_consumption_fixture",
      "path": "fixtures/core-consumption.fixture.json",
      "ref": "example.read-page-links.core-consumption-fixture",
      "version": "0.1.0"
    },
    {
      "role": "post_check",
      "path": "checks/post-check.json",
      "ref": "example.read-page-links.post-check",
      "version": "0.1.0"
    },
    {
      "role": "failure_mapping",
      "path": "failure-mapping.json",
      "ref": "example.read-page-links.failure-mapping",
      "version": "0.1.0"
    },
    {
      "role": "catalog_metadata",
      "path": "catalog-metadata.json",
      "ref": "example.read-page-links.catalog-metadata",
      "version": "0.1.0"
    },
    {
      "role": "repair_draft",
      "path": "repair/repair-draft.fixture.json",
      "ref": "example.read-page-links.repair-draft",
      "version": "0.1.0"
    },
    {
      "role": "overlay_fork_metadata",
      "path": "repair/overlay-fork-metadata.fixture.json",
      "ref": "example.read-page-links.overlay-fork",
      "version": "0.1.0"
    }
  ],
  "invalidation_behavior": {
    "invalidates_lock_on": [
      "package_ref changes",
      "package_version changes",
      "capability_id or operation_id changes",
      "operation_mode changes",
      "any locked asset ref, version, or path changes",
      "write deferred guardrail identity or path changes",
      "lifecycle invalidation status changes away from not_invalidated"
    ],
    "requires_relock_on": [
      "input contract changes",
      "normalized output contract changes",
      "resource requirements change",
      "fixture source shape or redaction policy changes",
      "Core consumption fixture resolution, schema validation case, or expected result changes",
      "write deferred guardrail boundary changes",
      "post-check result contract changes",
      "failure mapping consumer boundary changes",
      "repair draft lifecycle or promotion boundary changes",
      "overlay, fork, or private invalidation boundary changes"
    ],
    "failure_mapping": [
      "unsupported_version",
      "deprecated",
      "invalid_contract",
      "asset_missing",
      "registry_unavailable"
    ]
  },
  "consumer_boundary": "Lode supplies this static lock identity, locked asset versions, a Core-readable fixture pointer, and a static write-deferred guardrail. App may choose installed/pinned versions later; Core may record the referenced lock but must not infer hosted registry, marketplace, runtime, profile, provider, or write behavior from it.",
  "non_goals": [
    "No App install, update, pin, rollback, or sync behavior.",
    "No hosted registry or marketplace behavior.",
    "No Core Run Record or result envelope.",
    "No runtime execution, provider/profile/session choice, live tab binding, or true write capability."
  ]
}
