{
  "schema_version": "lode.site-skill-package.lock.v1",
  "lock_ref": "lode://lock/site-skill/controlled-local/page-summary@1.0.0",
  "package_ref": "lode://site-skill/controlled-local/page-summary",
  "revision_ref": "PENDING_REVISION_REF",
  "version": "1.0.0",
  "source_ref": "PENDING_SOURCE_REF",
  "capability_ref": "lode://site-capability/controlled-local/managed-page-snapshot@1.0.0"
}
