{
  "schema_version": "lode.site-skill-package.lock.v1",
  "lock_ref": "lode://lock/site-skill/controlled-local/page-summary@1.0.0",
  "package_ref": "lode://site-skill/controlled-local/page-summary",
  "revision_ref": "lode://site-skill/controlled-local/page-summary@1.0.0#48ba83eff3d8321eae1699155e6be5a64b8efc5d",
  "version": "1.0.0",
  "source_ref": "lode://source/site-skill/controlled-local/page-summary@1.0.0#48ba83eff3d8321eae1699155e6be5a64b8efc5d",
  "capability_ref": "lode://site-capability/controlled-local/managed-page-snapshot@1.0.0"
}
