{
  "schema_version": "lode.site-skill-package.lock.v1",
  "lock_ref": "lode://lock/site-skill/github/opencli-trending-repos@0.1.0",
  "package_ref": "lode://site-skill/github/opencli-trending-repos",
  "revision_ref": "lode://site-skill/github/opencli-trending-repos@0.1.0#9cc0822c6ba0d6e38300b2c61416cee3a138e1e1",
  "version": "0.1.0",
  "source_ref": "lode://source/site-skill/github/opencli-trending-repos@0.1.0#9cc0822c6ba0d6e38300b2c61416cee3a138e1e1",
  "capability_ref": "lode://site-capability/github/opencli-trending-repos@0.1.0"
}
