{
  "schema_version": "lode.site-skill-package.lock.v1",
  "lock_ref": "lode://lock/site-skill/github/opencli-trending-repos@0.1.0",
  "package_ref": "lode://site-skill/github/opencli-trending-repos",
  "revision_ref": "lode://site-skill/github/opencli-trending-repos@0.1.0#40e9c7dd7a21e4de6f4c129e77bcc105f7b1456e",
  "version": "0.1.0",
  "source_ref": "lode://source/site-skill/github/opencli-trending-repos@0.1.0#40e9c7dd7a21e4de6f4c129e77bcc105f7b1456e",
  "capability_ref": "lode://site-capability/github/opencli-trending-repos@0.1.0"
}
