{
  "schema_version": "lode.site-skill-package.lock.v1",
  "lock_ref": "lode://lock/site-skill/devto/opencli-latest-articles@0.1.0",
  "package_ref": "lode://site-skill/devto/opencli-latest-articles",
  "revision_ref": "lode://site-skill/devto/opencli-latest-articles@0.1.0#464c721d2261814c4b6d15cbba9ca716496977a8",
  "version": "0.1.0",
  "source_ref": "lode://source/site-skill/devto/opencli-latest-articles@0.1.0#464c721d2261814c4b6d15cbba9ca716496977a8",
  "capability_ref": "lode://site-capability/devto/opencli-latest-articles@0.1.0"
}
